
Microsoft Visual Studio Solution File, Format Version 12.00
# Visual Studio Version 16
VisualStudioVersion = 16.0.31702.278
MinimumVisualStudioVersion = 10.0.40219.1
Project("{FAE04EC0-301F-11D3-BF4B-00C04F79EFBC}") = "Alebrije.WebApi", "Alebrije.WebApi\Alebrije.WebApi.csproj", "{A3C4C7CC-C75C-4758-8EE6-329601460026}"
EndProject
Global
	GlobalSection(SolutionConfigurationPlatforms) = preSolution
		Debug|Any CPU = Debug|Any CPU
		Release|Any CPU = Release|Any CPU
	EndGlobalSection
	GlobalSection(ProjectConfigurationPlatforms) = postSolution
		{A3C4C7CC-C75C-4758-8EE6-329601460026}.Debug|Any CPU.ActiveCfg = Debug|Any CPU
		{A3C4C7CC-C75C-4758-8EE6-329601460026}.Debug|Any CPU.Build.0 = Debug|Any CPU
		{A3C4C7CC-C75C-4758-8EE6-329601460026}.Release|Any CPU.ActiveCfg = Release|Any CPU
		{A3C4C7CC-C75C-4758-8EE6-329601460026}.Release|Any CPU.Build.0 = Release|Any CPU
	EndGlobalSection
	GlobalSection(SolutionProperties) = preSolution
		HideSolutionNode = FALSE
	EndGlobalSection
	GlobalSection(ExtensibilityGlobals) = postSolution
		SolutionGuid = {DCFB7B67-E93C-4274-A51F-8AB627312F4A}
	EndGlobalSection
EndGlobal
